
Microsoft Visual Studio Solution File, Format Version 12.00
# Visual Studio 15
VisualStudioVersion = 15.0.27130.2010
MinimumVisualStudioVersion = 10.0.40219.1
Project("{FAE04EC0-301F-11D3-BF4B-00C04F79EFBC}") = "ToyStore", "ToyStore\ToyStore.csproj", "{F67C5CF1-CE67-45E2-8729-3899E752E520}"
EndProject
Global
	GlobalSection(SolutionConfigurationPlatforms) = preSolution
		Debug|Any CPU = Debug|Any CPU
		Release|Any CPU = Release|Any CPU
	EndGlobalSection
	GlobalSection(ProjectConfigurationPlatforms) = postSolution
		{F67C5CF1-CE67-45E2-8729-3899E752E520}.Debug|Any CPU.ActiveCfg = Debug|Any CPU
		{F67C5CF1-CE67-45E2-8729-3899E752E520}.Debug|Any CPU.Build.0 = Debug|Any CPU
		{F67C5CF1-CE67-45E2-8729-3899E752E520}.Release|Any CPU.ActiveCfg = Release|Any CPU
		{F67C5CF1-CE67-45E2-8729-3899E752E520}.Release|Any CPU.Build.0 = Release|Any CPU
	EndGlobalSection
	GlobalSection(SolutionProperties) = preSolution
		HideSolutionNode = FALSE
	EndGlobalSection
	GlobalSection(ExtensibilityGlobals) = postSolution
		SolutionGuid = {D112A76C-613E-492F-85EA-7B8034F6F903}
	EndGlobalSection
EndGlobal
